
Microsoft Visual Studio Solution File, Format Version 12.00
# Visual Studio 15
VisualStudioVersion = 15.0.28010.2019
MinimumVisualStudioVersion = 10.0.40219.1
Project("{9A19103F-16F7-4668-BE54-9A1E7A4F7556}") = "leaderboardRestProvider", "leaderboardRestProvider\leaderboardRestProvider.csproj", "{063B544D-D0F1-4C0D-8107-D218F67C4765}"
EndProject
Project("{FAE04EC0-301F-11D3-BF4B-00C04F79EFBC}") = "UnitTestProject1", "UnitTestProject1\UnitTestProject1.csproj", "{8F088F78-C965-4F7F-9A89-E78F4CA54A47}"
EndProject
Global
	GlobalSection(SolutionConfigurationPlatforms) = preSolution
		Debug|Any CPU = Debug|Any CPU
		Release|Any CPU = Release|Any CPU
	EndGlobalSection
	GlobalSection(ProjectConfigurationPlatforms) = postSolution
		{063B544D-D0F1-4C0D-8107-D218F67C4765}.Debug|Any CPU.ActiveCfg = Debug|Any CPU
		{063B544D-D0F1-4C0D-8107-D218F67C4765}.Debug|Any CPU.Build.0 = Debug|Any CPU
		{063B544D-D0F1-4C0D-8107-D218F67C4765}.Release|Any CPU.ActiveCfg = Release|Any CPU
		{063B544D-D0F1-4C0D-8107-D218F67C4765}.Release|Any CPU.Build.0 = Release|Any CPU
		{8F088F78-C965-4F7F-9A89-E78F4CA54A47}.Debug|Any CPU.ActiveCfg = Debug|Any CPU
		{8F088F78-C965-4F7F-9A89-E78F4CA54A47}.Debug|Any CPU.Build.0 = Debug|Any CPU
		{8F088F78-C965-4F7F-9A89-E78F4CA54A47}.Release|Any CPU.ActiveCfg = Release|Any CPU
		{8F088F78-C965-4F7F-9A89-E78F4CA54A47}.Release|Any CPU.Build.0 = Release|Any CPU
	EndGlobalSection
	GlobalSection(SolutionProperties) = preSolution
		HideSolutionNode = FALSE
	EndGlobalSection
	GlobalSection(ExtensibilityGlobals) = postSolution
		SolutionGuid = {4DBDE6E5-E9EC-41D0-9728-BD04B68C1841}
	EndGlobalSection
EndGlobal
